// !$*UTF8*$!
{
	archiveVersion = 1;
	classes = {
	};
	objectVersion = 46;
	objects = {

/* Begin PBXBuildFile section */
		4250D5011DEEBCED00940383 /* UserTableViewCell.swift in Sources */ = {isa = PBXBuildFile; fileRef = 4250D5001DEEBCED00940383 /* UserTableViewCell.swift */; };
		4250D50A1DEEDF6C00940383 /* test.sqlite3 in Resources */ = {isa = PBXBuildFile; fileRef = 4250D5091DEEDF6C00940383 /* test.sqlite3 */; };
		427B3A4E1DE9128300D478E9 /* AppDelegate.swift in Sources */ = {isa = PBXBuildFile; fileRef = 427B3A4D1DE9128300D478E9 /* AppDelegate.swift */; };
		427B3A501DE9128300D478E9 /* ViewController.swift in Sources */ = {isa = PBXBuildFile; fileRef = 427B3A4F1DE9128300D478E9 /* ViewController.swift */; };
		427B3A531DE9128300D478E9 /* Main.storyboard in Resources */ = {isa = PBXBuildFile; fileRef = 427B3A511DE9128300D478E9 /* Main.storyboard */; };
		427B3A551DE9128300D478E9 /* Assets.xcassets in Resources */ = {isa = PBXBuildFile; fileRef = 427B3A541DE9128300D478E9 /* Assets.xcassets */; };
		427B3A581DE9128300D478E9 /* LaunchScreen.storyboard in Resources */ = {isa = PBXBuildFile; fileRef = 427B3A561DE9128300D478E9 /* LaunchScreen.storyboard */; };
		427B3A631DE9128300D478E9 /* Demo_MVCTests.swift in Sources */ = {isa = PBXBuildFile; fileRef = 427B3A621DE9128300D478E9 /* Demo_MVCTests.swift */; };
		427B3A6E1DE9128300D478E9 /* Demo_MVCUITests.swift in Sources */ = {isa = PBXBuildFile; fileRef = 427B3A6D1DE9128300D478E9 /* Demo_MVCUITests.swift */; };
		42BF8FD81DEE3D9A0064F14C /* SQLite.framework in Frameworks */ = {isa = PBXBuildFile; fileRef = 42BF8FCB1DEE3D700064F14C /* SQLite.framework */; };
		42C4D7EA1DEE3EA00075B2E4 /* User.swift in Sources */ = {isa = PBXBuildFile; fileRef = 42C4D7E91DEE3EA00075B2E4 /* User.swift */; };
		42C4D7F41DEE59830075B2E4 /* DBUtil.swift in Sources */ = {isa = PBXBuildFile; fileRef = 42C4D7F31DEE59830075B2E4 /* DBUtil.swift */; };
/* End PBXBuildFile section */

/* Begin PBXContainerItemProxy section */
		427B3A5F1DE9128300D478E9 /* PBXContainerItemProxy */ = {
			isa = PBXContainerItemProxy;
			containerPortal = 427B3A421DE9128200D478E9 /* Project object */;
			proxyType = 1;
			remoteGlobalIDString = 427B3A491DE9128200D478E9;
			remoteInfo = "Demo MVC";
		};
		427B3A6A1DE9128300D478E9 /* PBXContainerItemProxy */ = {
			isa = PBXContainerItemProxy;
			containerPortal = 427B3A421DE9128200D478E9 /* Project object */;
			proxyType = 1;
			remoteGlobalIDString = 427B3A491DE9128200D478E9;
			remoteInfo = "Demo MVC";
		};
		42BF8FCA1DEE3D700064F14C /* PBXContainerItemProxy */ = {
			isa = PBXContainerItemProxy;
			containerPortal = 42BF8FC01DEE3D6F0064F14C /* SQLite.xcodeproj */;
			proxyType = 2;
			remoteGlobalIDString = EE247AD31C3F04ED00AE3E12;
			remoteInfo = "SQLite iOS";
		};
		42BF8FCC1DEE3D700064F14C /* PBXContainerItemProxy */ = {
			isa = PBXContainerItemProxy;
			containerPortal = 42BF8FC01DEE3D6F0064F14C /* SQLite.xcodeproj */;
			proxyType = 2;
			remoteGlobalIDString = EE247ADD1C3F04ED00AE3E12;
			remoteInfo = "SQLiteTests iOS";
		};
		42BF8FCE1DEE3D700064F14C /* PBXContainerItemProxy */ = {
			isa = PBXContainerItemProxy;
			containerPortal = 42BF8FC01DEE3D6F0064F14C /* SQLite.xcodeproj */;
			proxyType = 2;
			remoteGlobalIDString = EE247B3C1C3F3ED000AE3E12;
			remoteInfo = "SQLite Mac";
		};
		42BF8FD01DEE3D700064F14C /* PBXContainerItemProxy */ = {
			isa = PBXContainerItemProxy;
			containerPortal = 42BF8FC01DEE3D6F0064F14C /* SQLite.xcodeproj */;
			proxyType = 2;
			remoteGlobalIDString = EE247B451C3F3ED000AE3E12;
			remoteInfo = "SQLiteTests Mac";
		};
		42BF8FD21DEE3D700064F14C /* PBXContainerItemProxy */ = {
			isa = PBXContainerItemProxy;
			containerPortal = 42BF8FC01DEE3D6F0064F14C /* SQLite.xcodeproj */;
			proxyType = 2;
			remoteGlobalIDString = 03A65E5A1C6BB0F50062603F;
			remoteInfo = "SQLite tvOS";
		};
		42BF8FD41DEE3D700064F14C /* PBXContainerItemProxy */ = {
			isa = PBXContainerItemProxy;
			containerPortal = 42BF8FC01DEE3D6F0064F14C /* SQLite.xcodeproj */;
			proxyType = 2;
			remoteGlobalIDString = 03A65E631C6BB0F60062603F;
			remoteInfo = "SQLiteTests tvOS";
		};
		42BF8FD61DEE3D700064F14C /* PBXContainerItemProxy */ = {
			isa = PBXContainerItemProxy;
			containerPortal = 42BF8FC01DEE3D6F0064F14C /* SQLite.xcodeproj */;
			proxyType = 2;
			remoteGlobalIDString = A121AC451CA35C79005A31D1;
			remoteInfo = "SQLite watchOS";
		};
/* End PBXContainerItemProxy section */

/* Begin PBXFileReference section */
		4250D5001DEEBCED00940383 /* UserTableViewCell.swift */ = {isa = PBXFileReference; fileEncoding = 4; lastKnownFileType = sourcecode.swift; path = UserTableViewCell.swift; sourceTree = "<group>"; };
		4250D5091DEEDF6C00940383 /* test.sqlite3 */ = {isa = PBXFileReference; lastKnownFileType = file; path = test.sqlite3; sourceTree = "<group>"; };
		427B3A4A1DE9128300D478E9 /* Demo MVC.app */ = {isa = PBXFileReference; explicitFileType = wrapper.application; includeInIndex = 0; path = "Demo MVC.app"; sourceTree = BUILT_PRODUCTS_DIR; };
		427B3A4D1DE9128300D478E9 /* AppDelegate.swift */ = {isa = PBXFileReference; lastKnownFileType = sourcecode.swift; path = AppDelegate.swift; sourceTree = "<group>"; };
		427B3A4F1DE9128300D478E9 /* ViewController.swift */ = {isa = PBXFileReference; lastKnownFileType = sourcecode.swift; path = ViewController.swift; sourceTree = "<group>"; };
		427B3A521DE9128300D478E9 /* Base */ = {isa = PBXFileReference; lastKnownFileType = file.storyboard; name = Base; path = Base.lproj/Main.storyboard; sourceTree = "<group>"; };
		427B3A541DE9128300D478E9 /* Assets.xcassets */ = {isa = PBXFileReference; lastKnownFileType = folder.assetcatalog; path = Assets.xcassets; sourceTree = "<group>"; };
		427B3A571DE9128300D478E9 /* Base */ = {isa = PBXFileReference; lastKnownFileType = file.storyboard; name = Base; path = Base.lproj/LaunchScreen.storyboard; sourceTree = "<group>"; };
		427B3A591DE9128300D478E9 /* Info.plist */ = {isa = PBXFileReference; lastKnownFileType = text.plist.xml; path = Info.plist; sourceTree = "<group>"; };
		427B3A5E1DE9128300D478E9 /* Demo MVCTests.xctest */ = {isa = PBXFileReference; explicitFileType = wrapper.cfbundle; includeInIndex = 0; path = "Demo MVCTests.xctest"; sourceTree = BUILT_PRODUCTS_DIR; };
		427B3A621DE9128300D478E9 /* Demo_MVCTests.swift */ = {isa = PBXFileReference; lastKnownFileType = sourcecode.swift; path = Demo_MVCTests.swift; sourceTree = "<group>"; };
		427B3A641DE9128300D478E9 /* Info.plist */ = {isa = PBXFileReference; lastKnownFileType = text.plist.xml; path = Info.plist; sourceTree = "<group>"; };
		427B3A691DE9128300D478E9 /* Demo MVCUITests.xctest */ = {isa = PBXFileReference; explicitFileType = wrapper.cfbundle; includeInIndex = 0; path = "Demo MVCUITests.xctest"; sourceTree = BUILT_PRODUCTS_DIR; };
		427B3A6D1DE9128300D478E9 /* Demo_MVCUITests.swift */ = {isa = PBXFileReference; lastKnownFileType = sourcecode.swift; path = Demo_MVCUITests.swift; sourceTree = "<group>"; };
		427B3A6F1DE9128300D478E9 /* Info.plist */ = {isa = PBXFileReference; lastKnownFileType = text.plist.xml; path = Info.plist; sourceTree = "<group>"; };
		42BF8FC01DEE3D6F0064F14C /* SQLite.xcodeproj */ = {isa = PBXFileReference; lastKnownFileType = "wrapper.pb-project"; name = SQLite.xcodeproj; path = ../../SQLite.swift/SQLite.xcodeproj; sourceTree = "<group>"; };
		42C4D7E91DEE3EA00075B2E4 /* User.swift */ = {isa = PBXFileReference; fileEncoding = 4; lastKnownFileType = sourcecode.swift; path = User.swift; sourceTree = "<group>"; };
		42C4D7F31DEE59830075B2E4 /* DBUtil.swift */ = {isa = PBXFileReference; fileEncoding = 4; lastKnownFileType = sourcecode.swift; path = DBUtil.swift; sourceTree = "<group>"; };
/* End PBXFileReference section */

/* Begin PBXFrameworksBuildPhase section */
		427B3A471DE9128200D478E9 /* Frameworks */ = {
			isa = PBXFrameworksBuildPhase;
			buildActionMask = 2147483647;
			files = (
				42BF8FD81DEE3D9A0064F14C /* SQLite.framework in Frameworks */,
			);
			runOnlyForDeploymentPostprocessing = 0;
		};
		427B3A5B1DE9128300D478E9 /* Frameworks */ = {
			isa = PBXFrameworksBuildPhase;
			buildActionMask = 2147483647;
			files = (
			);
			runOnlyForDeploymentPostprocessing = 0;
		};
		427B3A661DE9128300D478E9 /* Frameworks */ = {
			isa = PBXFrameworksBuildPhase;
			buildActionMask = 2147483647;
			files = (
			);
			runOnlyForDeploymentPostprocessing = 0;
		};
/* End PBXFrameworksBuildPhase section */

/* Begin PBXGroup section */
		427B3A411DE9128200D478E9 = {
			isa = PBXGroup;
			children = (
				4250D5091DEEDF6C00940383 /* test.sqlite3 */,
				427B3A4C1DE9128300D478E9 /* Demo MVC */,
				427B3A611DE9128300D478E9 /* Demo MVCTests */,
				427B3A6C1DE9128300D478E9 /* Demo MVCUITests */,
				427B3A4B1DE9128300D478E9 /* Products */,
				42BF8FC01DEE3D6F0064F14C /* SQLite.xcodeproj */,
			);
			sourceTree = "<group>";
		};
		427B3A4B1DE9128300D478E9 /* Products */ = {
			isa = PBXGroup;
			children = (
				427B3A4A1DE9128300D478E9 /* Demo MVC.app */,
				427B3A5E1DE9128300D478E9 /* Demo MVCTests.xctest */,
				427B3A691DE9128300D478E9 /* Demo MVCUITests.xctest */,
			);
			name = Products;
			sourceTree = "<group>";
		};
		427B3A4C1DE9128300D478E9 /* Demo MVC */ = {
			isa = PBXGroup;
			children = (
				427B3A4D1DE9128300D478E9 /* AppDelegate.swift */,
				427B3A4F1DE9128300D478E9 /* ViewController.swift */,
				427B3A511DE9128300D478E9 /* Main.storyboard */,
				4250D5001DEEBCED00940383 /* UserTableViewCell.swift */,
				427B3A541DE9128300D478E9 /* Assets.xcassets */,
				427B3A561DE9128300D478E9 /* LaunchScreen.storyboard */,
				427B3A591DE9128300D478E9 /* Info.plist */,
				42C4D7E91DEE3EA00075B2E4 /* User.swift */,
				42C4D7F31DEE59830075B2E4 /* DBUtil.swift */,
			);
			path = "Demo MVC";
			sourceTree = "<group>";
		};
		427B3A611DE9128300D478E9 /* Demo MVCTests */ = {
			isa = PBXGroup;
			children = (
				427B3A621DE9128300D478E9 /* Demo_MVCTests.swift */,
				427B3A641DE9128300D478E9 /* Info.plist */,
			);
			path = "Demo MVCTests";
			sourceTree = "<group>";
		};
		427B3A6C1DE9128300D478E9 /* Demo MVCUITests */ = {
			isa = PBXGroup;
			children = (
				427B3A6D1DE9128300D478E9 /* Demo_MVCUITests.swift */,
				427B3A6F1DE9128300D478E9 /* Info.plist */,
			);
			path = "Demo MVCUITests";
			sourceTree = "<group>";
		};
		42BF8FC11DEE3D6F0064F14C /* Products */ = {
			isa = PBXGroup;
			children = (
				42BF8FCB1DEE3D700064F14C /* SQLite.framework */,
				42BF8FCD1DEE3D700064F14C /* SQLiteTests iOS.xctest */,
				42BF8FCF1DEE3D700064F14C /* SQLite.framework */,
				42BF8FD11DEE3D700064F14C /* SQLiteTests Mac.xctest */,
				42BF8FD31DEE3D700064F14C /* SQLite.framework */,
				42BF8FD51DEE3D700064F14C /* SQLiteTests tvOS.xctest */,
				42BF8FD71DEE3D700064F14C /* SQLite.framework */,
			);
			name = Products;
			sourceTree = "<group>";
		};
/* End PBXGroup section */

/* Begin PBXNativeTarget section */
		427B3A491DE9128200D478E9 /* Demo MVC */ = {
			isa = PBXNativeTarget;
			buildConfigurationList = 427B3A721DE9128300D478E9 /* Build configuration list for PBXNativeTarget "Demo MVC" */;
			buildPhases = (
				427B3A461DE9128200D478E9 /* Sources */,
				427B3A471DE9128200D478E9 /* Frameworks */,
				427B3A481DE9128200D478E9 /* Resources */,
			);
			buildRules = (
			);
			dependencies = (
			);
			name = "Demo MVC";
			productName = "Demo MVC";
			productReference = 427B3A4A1DE9128300D478E9 /* Demo MVC.app */;
			productType = "com.apple.product-type.application";
		};
		427B3A5D1DE9128300D478E9 /* Demo MVCTests */ = {
			isa = PBXNativeTarget;
			buildConfigurationList = 427B3A751DE9128300D478E9 /* Build configuration list for PBXNativeTarget "Demo MVCTests" */;
			buildPhases = (
				427B3A5A1DE9128300D478E9 /* Sources */,
				427B3A5B1DE9128300D478E9 /* Frameworks */,
				427B3A5C1DE9128300D478E9 /* Resources */,
			);
			buildRules = (
			);
			dependencies = (
				427B3A601DE9128300D478E9 /* PBXTargetDependency */,
			);
			name = "Demo MVCTests";
			productName = "Demo MVCTests";
			productReference = 427B3A5E1DE9128300D478E9 /* Demo MVCTests.xctest */;
			productType = "com.apple.product-type.bundle.unit-test";
		};
		427B3A681DE9128300D478E9 /* Demo MVCUITests */ = {
			isa = PBXNativeTarget;
			buildConfigurationList = 427B3A781DE9128300D478E9 /* Build configuration list for PBXNativeTarget "Demo MVCUITests" */;
			buildPhases = (
				427B3A651DE9128300D478E9 /* Sources */,
				427B3A661DE9128300D478E9 /* Frameworks */,
				427B3A671DE9128300D478E9 /* Resources */,
			);
			buildRules = (
			);
			dependencies = (
				427B3A6B1DE9128300D478E9 /* PBXTargetDependency */,
			);
			name = "Demo MVCUITests";
			productName = "Demo MVCUITests";
			productReference = 427B3A691DE9128300D478E9 /* Demo MVCUITests.xctest */;
			productType = "com.apple.product-type.bundle.ui-testing";
		};
/* End PBXNativeTarget section */

/* Begin PBXProject section */
		427B3A421DE9128200D478E9 /* Project object */ = {
			isa = PBXProject;
			attributes = {
				LastSwiftUpdateCheck = 0810;
				LastUpgradeCheck = 0810;
				ORGANIZATIONNAME = isc;
				TargetAttributes = {
					427B3A491DE9128200D478E9 = {
						CreatedOnToolsVersion = 8.1;
						ProvisioningStyle = Automatic;
					};
					427B3A5D1DE9128300D478E9 = {
						CreatedOnToolsVersion = 8.1;
						ProvisioningStyle = Automatic;
						TestTargetID = 427B3A491DE9128200D478E9;
					};
					427B3A681DE9128300D478E9 = {
						CreatedOnToolsVersion = 8.1;
						ProvisioningStyle = Automatic;
						TestTargetID = 427B3A491DE9128200D478E9;
					};
				};
			};
			buildConfigurationList = 427B3A451DE9128200D478E9 /* Build configuration list for PBXProject "Demo MVC" */;
			compatibilityVersion = "Xcode 3.2";
			developmentRegion = English;
			hasScannedForEncodings = 0;
			knownRegions = (
				en,
				Base,
			);
			mainGroup = 427B3A411DE9128200D478E9;
			productRefGroup = 427B3A4B1DE9128300D478E9 /* Products */;
			projectDirPath = "";
			projectReferences = (
				{
					ProductGroup = 42BF8FC11DEE3D6F0064F14C /* Products */;
					ProjectRef = 42BF8FC01DEE3D6F0064F14C /* SQLite.xcodeproj */;
				},
			);
			projectRoot = "";
			targets = (
				427B3A491DE9128200D478E9 /* Demo MVC */,
				427B3A5D1DE9128300D478E9 /* Demo MVCTests */,
				427B3A681DE9128300D478E9 /* Demo MVCUITests */,
			);
		};
/* End PBXProject section */

/* Begin PBXReferenceProxy section */
		42BF8FCB1DEE3D700064F14C /* SQLite.framework */ = {
			isa = PBXReferenceProxy;
			fileType = wrapper.framework;
			path = SQLite.framework;
			remoteRef = 42BF8FCA1DEE3D700064F14C /* PBXContainerItemProxy */;
			sourceTree = BUILT_PRODUCTS_DIR;
		};
		42BF8FCD1DEE3D700064F14C /* SQLiteTests iOS.xctest */ = {
			isa = PBXReferenceProxy;
			fileType = wrapper.cfbundle;
			path = "SQLiteTests iOS.xctest";
			remoteRef = 42BF8FCC1DEE3D700064F14C /* PBXContainerItemProxy */;
			sourceTree = BUILT_PRODUCTS_DIR;
		};
		42BF8FCF1DEE3D700064F14C /* SQLite.framework */ = {
			isa = PBXReferenceProxy;
			fileType = wrapper.framework;
			path = SQLite.framework;
			remoteRef = 42BF8FCE1DEE3D700064F14C /* PBXContainerItemProxy */;
			sourceTree = BUILT_PRODUCTS_DIR;
		};
		42BF8FD11DEE3D700064F14C /* SQLiteTests Mac.xctest */ = {
			isa = PBXReferenceProxy;
			fileType = wrapper.cfbundle;
			path = "SQLiteTests Mac.xctest";
			remoteRef = 42BF8FD01DEE3D700064F14C /* PBXContainerItemProxy */;
			sourceTree = BUILT_PRODUCTS_DIR;
		};
		42BF8FD31DEE3D700064F14C /* SQLite.framework */ = {
			isa = PBXReferenceProxy;
			fileType = wrapper.framework;
			path = SQLite.framework;
			remoteRef = 42BF8FD21DEE3D700064F14C /* PBXContainerItemProxy */;
			sourceTree = BUILT_PRODUCTS_DIR;
		};
		42BF8FD51DEE3D700064F14C /* SQLiteTests tvOS.xctest */ = {
			isa = PBXReferenceProxy;
			fileType = wrapper.cfbundle;
			path = "SQLiteTests tvOS.xctest";
			remoteRef = 42BF8FD41DEE3D700064F14C /* PBXContainerItemProxy */;
			sourceTree = BUILT_PRODUCTS_DIR;
		};
		42BF8FD71DEE3D700064F14C /* SQLite.framework */ = {
			isa = PBXReferenceProxy;
			fileType = wrapper.framework;
			path = SQLite.framework;
			remoteRef = 42BF8FD61DEE3D700064F14C /* PBXContainerItemProxy */;
			sourceTree = BUILT_PRODUCTS_DIR;
		};
/* End PBXReferenceProxy section */

/* Begin PBXResourcesBuildPhase section */
		427B3A481DE9128200D478E9 /* Resources */ = {
			isa = PBXResourcesBuildPhase;
			buildActionMask = 2147483647;
			files = (
				427B3A581DE9128300D478E9 /* LaunchScreen.storyboard in Resources */,
				427B3A551DE9128300D478E9 /* Assets.xcassets in Resources */,
				427B3A531DE9128300D478E9 /* Main.storyboard in Resources */,
				4250D50A1DEEDF6C00940383 /* test.sqlite3 in Resources */,
			);
			runOnlyForDeploymentPostprocessing = 0;
		};
		427B3A5C1DE9128300D478E9 /* Resources */ = {
			isa = PBXResourcesBuildPhase;
			buildActionMask = 2147483647;
			files = (
			);
			runOnlyForDeploymentPostprocessing = 0;
		};
		427B3A671DE9128300D478E9 /* Resources */ = {
			isa = PBXResourcesBuildPhase;
			buildActionMask = 2147483647;
			files = (
			);
			runOnlyForDeploymentPostprocessing = 0;
		};
/* End PBXResourcesBuildPhase section */

/* Begin PBXSourcesBuildPhase section */
		427B3A461DE9128200D478E9 /* Sources */ = {
			isa = PBXSourcesBuildPhase;
			buildActionMask = 2147483647;
			files = (
				427B3A501DE9128300D478E9 /* ViewController.swift in Sources */,
				427B3A4E1DE9128300D478E9 /* AppDelegate.swift in Sources */,
				42C4D7EA1DEE3EA00075B2E4 /* User.swift in Sources */,
				42C4D7F41DEE59830075B2E4 /* DBUtil.swift in Sources */,
				4250D5011DEEBCED00940383 /* UserTableViewCell.swift in Sources */,
			);
			runOnlyForDeploymentPostprocessing = 0;
		};
		427B3A5A1DE9128300D478E9 /* Sources */ = {
			isa = PBXSourcesBuildPhase;
			buildActionMask = 2147483647;
			files = (
				427B3A631DE9128300D478E9 /* Demo_MVCTests.swift in Sources */,
			);
			runOnlyForDeploymentPostprocessing = 0;
		};
		427B3A651DE9128300D478E9 /* Sources */ = {
			isa = PBXSourcesBuildPhase;
			buildActionMask = 2147483647;
			files = (
				427B3A6E1DE9128300D478E9 /* Demo_MVCUITests.swift in Sources */,
			);
			runOnlyForDeploymentPostprocessing = 0;
		};
/* End PBXSourcesBuildPhase section */

/* Begin PBXTargetDependency section */
		427B3A601DE9128300D478E9 /* PBXTargetDependency */ = {
			isa = PBXTargetDependency;
			target = 427B3A491DE9128200D478E9 /* Demo MVC */;
			targetProxy = 427B3A5F1DE9128300D478E9 /* PBXContainerItemProxy */;
		};
		427B3A6B1DE9128300D478E9 /* PBXTargetDependency */ = {
			isa = PBXTargetDependency;
			target = 427B3A491DE9128200D478E9 /* Demo MVC */;
			targetProxy = 427B3A6A1DE9128300D478E9 /* PBXContainerItemProxy */;
		};
/* End PBXTargetDependency section */

/* Begin PBXVariantGroup section */
		427B3A511DE9128300D478E9 /* Main.storyboard */ = {
			isa = PBXVariantGroup;
			children = (
				427B3A521DE9128300D478E9 /* Base */,
			);
			name = Main.storyboard;
			sourceTree = "<group>";
		};
		427B3A561DE9128300D478E9 /* LaunchScreen.storyboard */ = {
			isa = PBXVariantGroup;
			children = (
				427B3A571DE9128300D478E9 /* Base */,
			);
			name = LaunchScreen.storyboard;
			sourceTree = "<group>";
		};
/* End PBXVariantGroup section */

/* Begin XCBuildConfiguration section */
		427B3A701DE9128300D478E9 /* Debug */ = {
			isa = XCBuildConfiguration;
			buildSettings = {
				ALWAYS_SEARCH_USER_PATHS = NO;
				CLANG_ANALYZER_NONNULL = YES;
				CLANG_CXX_LANGUAGE_STANDARD = "gnu++0x";
				CLANG_CXX_LIBRARY = "libc++";
				CLANG_ENABLE_MODULES = YES;
				CLANG_ENABLE_OBJC_ARC = YES;
				CLANG_WARN_BOOL_CONVERSION = YES;
				CLANG_WARN_CONSTANT_CONVERSION = YES;
				CLANG_WARN_DIRECT_OBJC_ISA_USAGE = YES_ERROR;
				CLANG_WARN_DOCUMENTATION_COMMENTS = YES;
				CLANG_WARN_EMPTY_BODY = YES;
				CLANG_WARN_ENUM_CONVERSION = YES;
				CLANG_WARN_INFINITE_RECURSION = YES;
				CLANG_WARN_INT_CONVERSION = YES;
				CLANG_WARN_OBJC_ROOT_CLASS = YES_ERROR;
				CLANG_WARN_SUSPICIOUS_MOVE = YES;
				CLANG_WARN_SUSPICIOUS_MOVES = YES;
				CLANG_WARN_UNREACHABLE_CODE = YES;
				CLANG_WARN__DUPLICATE_METHOD_MATCH = YES;
				"CODE_SIGN_IDENTITY[sdk=iphoneos*]" = "iPhone Developer";
				COPY_PHASE_STRIP = NO;
				DEBUG_INFORMATION_FORMAT = dwarf;
				ENABLE_STRICT_OBJC_MSGSEND = YES;
				ENABLE_TESTABILITY = YES;
				GCC_C_LANGUAGE_STANDARD = gnu99;
				GCC_DYNAMIC_NO_PIC = NO;
				GCC_NO_COMMON_BLOCKS = YES;
				GCC_OPTIMIZATION_LEVEL = 0;
				GCC_PREPROCESSOR_DEFINITIONS = (
					"DEBUG=1",
					"$(inherited)",
				);
				GCC_WARN_64_TO_32_BIT_CONVERSION = YES;
				GCC_WARN_ABOUT_RETURN_TYPE = YES_ERROR;
				GCC_WARN_UNDECLARED_SELECTOR = YES;
				GCC_WARN_UNINITIALIZED_AUTOS = YES_AGGRESSIVE;
				GCC_WARN_UNUSED_FUNCTION = YES;
				GCC_WARN_UNUSED_VARIABLE = YES;
				IPHONEOS_DEPLOYMENT_TARGET = 10.1;
				MTL_ENABLE_DEBUG_INFO = YES;
				ONLY_ACTIVE_ARCH = YES;
				SDKROOT = iphoneos;
				SWIFT_ACTIVE_COMPILATION_CONDITIONS = DEBUG;
				SWIFT_OPTIMIZATION_LEVEL = "-Onone";
				TARGETED_DEVICE_FAMILY = "1,2";
			};
			name = Debug;
		};
		427B3A711DE9128300D478E9 /* Release */ = {
			isa = XCBuildConfiguration;
			buildSettings = {
				ALWAYS_SEARCH_USER_PATHS = NO;
				CLANG_ANALYZER_NONNULL = YES;
				CLANG_CXX_LANGUAGE_STANDARD = "gnu++0x";
				CLANG_CXX_LIBRARY = "libc++";
				CLANG_ENABLE_MODULES = YES;
				CLANG_ENABLE_OBJC_ARC = YES;
				CLANG_WARN_BOOL_CONVERSION = YES;
				CLANG_WARN_CONSTANT_CONVERSION = YES;
				CLANG_WARN_DIRECT_OBJC_ISA_USAGE = YES_ERROR;
				CLANG_WARN_DOCUMENTATION_COMMENTS = YES;
				CLANG_WARN_EMPTY_BODY = YES;
				CLANG_WARN_ENUM_CONVERSION = YES;
				CLANG_WARN_INFINITE_RECURSION = YES;
				CLANG_WARN_INT_CONVERSION = YES;
				CLANG_WARN_OBJC_ROOT_CLASS = YES_ERROR;
				CLANG_WARN_SUSPICIOUS_MOVE = YES;
				CLANG_WARN_SUSPICIOUS_MOVES = YES;
				CLANG_WARN_UNREACHABLE_CODE = YES;
				CLANG_WARN__DUPLICATE_METHOD_MATCH = YES;
				"CODE_SIGN_IDENTITY[sdk=iphoneos*]" = "iPhone Developer";
				COPY_PHASE_STRIP = NO;
				DEBUG_INFORMATION_FORMAT = "dwarf-with-dsym";
				ENABLE_NS_ASSERTIONS = NO;
				ENABLE_STRICT_OBJC_MSGSEND = YES;
				GCC_C_LANGUAGE_STANDARD = gnu99;
				GCC_NO_COMMON_BLOCKS = YES;
				GCC_WARN_64_TO_32_BIT_CONVERSION = YES;
				GCC_WARN_ABOUT_RETURN_TYPE = YES_ERROR;
				GCC_WARN_UNDECLARED_SELECTOR = YES;
				GCC_WARN_UNINITIALIZED_AUTOS = YES_AGGRESSIVE;
				GCC_WARN_UNUSED_FUNCTION = YES;
				GCC_WARN_UNUSED_VARIABLE = YES;
				IPHONEOS_DEPLOYMENT_TARGET = 10.1;
				MTL_ENABLE_DEBUG_INFO = NO;
				SDKROOT = iphoneos;
				SWIFT_OPTIMIZATION_LEVEL = "-Owholemodule";
				TARGETED_DEVICE_FAMILY = "1,2";
				VALIDATE_PRODUCT = YES;
			};
			name = Release;
		};
		427B3A731DE9128300D478E9 /* Debug */ = {
			isa = XCBuildConfiguration;
			buildSettings = {
				ASSETCATALOG_COMPILER_APPICON_NAME = AppIcon;
				INFOPLIST_FILE = "Demo MVC/Info.plist";
				LD_RUNPATH_SEARCH_PATHS = "$(inherited) @executable_path/Frameworks";
				PRODUCT_BUNDLE_IDENTIFIER = "mx.edu.tectijuana.Demo-MVC";
				PRODUCT_NAME = "$(TARGET_NAME)";
				SWIFT_VERSION = 3.0;
			};
			name = Debug;
		};
		427B3A741DE9128300D478E9 /* Release */ = {
			isa = XCBuildConfiguration;
			buildSettings = {
				ASSETCATALOG_COMPILER_APPICON_NAME = AppIcon;
				INFOPLIST_FILE = "Demo MVC/Info.plist";
				LD_RUNPATH_SEARCH_PATHS = "$(inherited) @executable_path/Frameworks";
				PRODUCT_BUNDLE_IDENTIFIER = "mx.edu.tectijuana.Demo-MVC";
				PRODUCT_NAME = "$(TARGET_NAME)";
				SWIFT_VERSION = 3.0;
			};
			name = Release;
		};
		427B3A761DE9128300D478E9 /* Debug */ = {
			isa = XCBuildConfiguration;
			buildSettings = {
				ALWAYS_EMBED_SWIFT_STANDARD_LIBRARIES = YES;
				BUNDLE_LOADER = "$(TEST_HOST)";
				INFOPLIST_FILE = "Demo MVCTests/Info.plist";
				LD_RUNPATH_SEARCH_PATHS = "$(inherited) @executable_path/Frameworks @loader_path/Frameworks";
				PRODUCT_BUNDLE_IDENTIFIER = "mx.edu.tectijuana.Demo-MVCTests";
				PRODUCT_NAME = "$(TARGET_NAME)";
				SWIFT_VERSION = 3.0;
				TEST_HOST = "$(BUILT_PRODUCTS_DIR)/Demo MVC.app/Demo MVC";
			};
			name = Debug;
		};
		427B3A771DE9128300D478E9 /* Release */ = {
			isa = XCBuildConfiguration;
			buildSettings = {
				ALWAYS_EMBED_SWIFT_STANDARD_LIBRARIES = YES;
				BUNDLE_LOADER = "$(TEST_HOST)";
				INFOPLIST_FILE = "Demo MVCTests/Info.plist";
				LD_RUNPATH_SEARCH_PATHS = "$(inherited) @executable_path/Frameworks @loader_path/Frameworks";
				PRODUCT_BUNDLE_IDENTIFIER = "mx.edu.tectijuana.Demo-MVCTests";
				PRODUCT_NAME = "$(TARGET_NAME)";
				SWIFT_VERSION = 3.0;
				TEST_HOST = "$(BUILT_PRODUCTS_DIR)/Demo MVC.app/Demo MVC";
			};
			name = Release;
		};
		427B3A791DE9128300D478E9 /* Debug */ = {
			isa = XCBuildConfiguration;
			buildSettings = {
				ALWAYS_EMBED_SWIFT_STANDARD_LIBRARIES = YES;
				INFOPLIST_FILE = "Demo MVCUITests/Info.plist";
				LD_RUNPATH_SEARCH_PATHS = "$(inherited) @executable_path/Frameworks @loader_path/Frameworks";
				PRODUCT_BUNDLE_IDENTIFIER = "mx.edu.tectijuana.Demo-MVCUITests";
				PRODUCT_NAME = "$(TARGET_NAME)";
				SWIFT_VERSION = 3.0;
				TEST_TARGET_NAME = "Demo MVC";
			};
			name = Debug;
		};
		427B3A7A1DE9128300D478E9 /* Release */ = {
			isa = XCBuildConfiguration;
			buildSettings = {
				ALWAYS_EMBED_SWIFT_STANDARD_LIBRARIES = YES;
				INFOPLIST_FILE = "Demo MVCUITests/Info.plist";
				LD_RUNPATH_SEARCH_PATHS = "$(inherited) @executable_path/Frameworks @loader_path/Frameworks";
				PRODUCT_BUNDLE_IDENTIFIER = "mx.edu.tectijuana.Demo-MVCUITests";
				PRODUCT_NAME = "$(TARGET_NAME)";
				SWIFT_VERSION = 3.0;
				TEST_TARGET_NAME = "Demo MVC";
			};
			name = Release;
		};
/* End XCBuildConfiguration section */

/* Begin XCConfigurationList section */
		427B3A451DE9128200D478E9 /* Build configuration list for PBXProject "Demo MVC" */ = {
			isa = XCConfigurationList;
			buildConfigurations = (
				427B3A701DE9128300D478E9 /* Debug */,
				427B3A711DE9128300D478E9 /* Release */,
			);
			defaultConfigurationIsVisible = 0;
			defaultConfigurationName = Release;
		};
		427B3A721DE9128300D478E9 /* Build configuration list for PBXNativeTarget "Demo MVC" */ = {
			isa = XCConfigurationList;
			buildConfigurations = (
				427B3A731DE9128300D478E9 /* Debug */,
				427B3A741DE9128300D478E9 /* Release */,
			);
			defaultConfigurationIsVisible = 0;
			defaultConfigurationName = Release;
		};
		427B3A751DE9128300D478E9 /* Build configuration list for PBXNativeTarget "Demo MVCTests" */ = {
			isa = XCConfigurationList;
			buildConfigurations = (
				427B3A761DE9128300D478E9 /* Debug */,
				427B3A771DE9128300D478E9 /* Release */,
			);
			defaultConfigurationIsVisible = 0;
			defaultConfigurationName = Release;
		};
		427B3A781DE9128300D478E9 /* Build configuration list for PBXNativeTarget "Demo MVCUITests" */ = {
			isa = XCConfigurationList;
			buildConfigurations = (
				427B3A791DE9128300D478E9 /* Debug */,
				427B3A7A1DE9128300D478E9 /* Release */,
			);
			defaultConfigurationIsVisible = 0;
			defaultConfigurationName = Release;
		};
/* End XCConfigurationList section */
	};
	rootObject = 427B3A421DE9128200D478E9 /* Project object */;
}
